
Microsoft Visual Studio Solution File, Format Version 12.00
# Visual Studio 14
VisualStudioVersion = 14.0.25420.1
MinimumVisualStudioVersion = 10.0.40219.1
Project("{DA7A21FA-8162-4350-AD77-A8D1B671F3ED}") = "MIT_MicroMaster", "MIT_MicroMaster\MIT_MicroMaster.rxproj", "{5D1ED57C-AF0F-43B2-A323-0E6EAA6B4EAB}"
EndProject
Global
	GlobalSection(SolutionConfigurationPlatforms) = preSolution
		Debug|Any CPU = Debug|Any CPU
		Release|Any CPU = Release|Any CPU
	EndGlobalSection
	GlobalSection(ProjectConfigurationPlatforms) = postSolution
		{5D1ED57C-AF0F-43B2-A323-0E6EAA6B4EAB}.Debug|Any CPU.ActiveCfg = Debug|Any CPU
		{5D1ED57C-AF0F-43B2-A323-0E6EAA6B4EAB}.Debug|Any CPU.Build.0 = Debug|Any CPU
		{5D1ED57C-AF0F-43B2-A323-0E6EAA6B4EAB}.Release|Any CPU.ActiveCfg = Release|Any CPU
		{5D1ED57C-AF0F-43B2-A323-0E6EAA6B4EAB}.Release|Any CPU.Build.0 = Release|Any CPU
	EndGlobalSection
	GlobalSection(SolutionProperties) = preSolution
		HideSolutionNode = FALSE
	EndGlobalSection
EndGlobal
